
Microsoft Visual Studio Solution File, Format Version 12.00
# Visual Studio 14
VisualStudioVersion = 14.0.23107.0
MinimumVisualStudioVersion = 10.0.40219.1
Project("{FAE04EC0-301F-11D3-BF4B-00C04F79EFBC}") = "Combo_UnHasher_Soft", "Combo_UnHasher_Soft\Combo_UnHasher_Soft.csproj", "{1BEA0049-6C78-4836-A7C4-1D6B5A9A045D}"
EndProject
Global
	GlobalSection(SolutionConfigurationPlatforms) = preSolution
		Debug|Any CPU = Debug|Any CPU
		Release|Any CPU = Release|Any CPU
	EndGlobalSection
	GlobalSection(ProjectConfigurationPlatforms) = postSolution
		{1BEA0049-6C78-4836-A7C4-1D6B5A9A045D}.Debug|Any CPU.ActiveCfg = Debug|Any CPU
		{1BEA0049-6C78-4836-A7C4-1D6B5A9A045D}.Debug|Any CPU.Build.0 = Debug|Any CPU
		{1BEA0049-6C78-4836-A7C4-1D6B5A9A045D}.Release|Any CPU.ActiveCfg = Release|Any CPU
		{1BEA0049-6C78-4836-A7C4-1D6B5A9A045D}.Release|Any CPU.Build.0 = Release|Any CPU
	EndGlobalSection
	GlobalSection(SolutionProperties) = preSolution
		HideSolutionNode = FALSE
	EndGlobalSection
EndGlobal
